
Microsoft Visual Studio Solution File, Format Version 12.00
# Visual Studio Version 17
VisualStudioVersion = 17.9.34607.119
MinimumVisualStudioVersion = 10.0.40219.1
Project("{FAE04EC0-301F-11D3-BF4B-00C04F79EFBC}") = "deadlock", "deadlock\deadlock.csproj", "{5133ECDA-24D9-458F-9199-98A146D59324}"
EndProject
Global
	GlobalSection(SolutionConfigurationPlatforms) = preSolution
		Debug|Any CPU = Debug|Any CPU
		Release|Any CPU = Release|Any CPU
	EndGlobalSection
	GlobalSection(ProjectConfigurationPlatforms) = postSolution
		{5133ECDA-24D9-458F-9199-98A146D59324}.Debug|Any CPU.ActiveCfg = Debug|Any CPU
		{5133ECDA-24D9-458F-9199-98A146D59324}.Debug|Any CPU.Build.0 = Debug|Any CPU
		{5133ECDA-24D9-458F-9199-98A146D59324}.Release|Any CPU.ActiveCfg = Release|Any CPU
		{5133ECDA-24D9-458F-9199-98A146D59324}.Release|Any CPU.Build.0 = Release|Any CPU
	EndGlobalSection
	GlobalSection(SolutionProperties) = preSolution
		HideSolutionNode = FALSE
	EndGlobalSection
	GlobalSection(ExtensibilityGlobals) = postSolution
		SolutionGuid = {7B854337-04ED-4CA2-97C9-43AF2BC9F196}
	EndGlobalSection
EndGlobal
